// !$*UTF8*$!
{
	archiveVersion = 1;
	classes = {
	};
	objectVersion = 46;
	objects = {

/* Begin PBXBuildFile section */
		BF9B51FA1989E47600E43B8B /* UIKit.framework in Frameworks */ = {isa = PBXBuildFile; fileRef = BF9B51F91989E47600E43B8B /* UIKit.framework */; };
		BF9B51FC1989E47600E43B8B /* Foundation.framework in Frameworks */ = {isa = PBXBuildFile; fileRef = BF9B51FB1989E47600E43B8B /* Foundation.framework */; };
		BF9B51FE1989E47600E43B8B /* CoreGraphics.framework in Frameworks */ = {isa = PBXBuildFile; fileRef = BF9B51FD1989E47600E43B8B /* CoreGraphics.framework */; };
		BF9B52041989E47700E43B8B /* InfoPlist.strings in Resources */ = {isa = PBXBuildFile; fileRef = BF9B52021989E47700E43B8B /* InfoPlist.strings */; };
		BF9B52061989E47700E43B8B /* main.m in Sources */ = {isa = PBXBuildFile; fileRef = BF9B52051989E47700E43B8B /* main.m */; };
		BF9B520A1989E47700E43B8B /* AppDelegate.m in Sources */ = {isa = PBXBuildFile; fileRef = BF9B52091989E47700E43B8B /* AppDelegate.m */; };
		BF9B520C1989E47700E43B8B /* Default.png in Resources */ = {isa = PBXBuildFile; fileRef = BF9B520B1989E47700E43B8B /* Default.png */; };
		BF9B520E1989E47700E43B8B /* Default@2x.png in Resources */ = {isa = PBXBuildFile; fileRef = BF9B520D1989E47700E43B8B /* Default@2x.png */; };
		BF9B52101989E47700E43B8B /* Default-568h@2x.png in Resources */ = {isa = PBXBuildFile; fileRef = BF9B520F1989E47700E43B8B /* Default-568h@2x.png */; };
		BF9B52131989E47700E43B8B /* MainStoryboard_iPhone.storyboard in Resources */ = {isa = PBXBuildFile; fileRef = BF9B52111989E47700E43B8B /* MainStoryboard_iPhone.storyboard */; };
		BF9B52161989E47700E43B8B /* MainStoryboard_iPad.storyboard in Resources */ = {isa = PBXBuildFile; fileRef = BF9B52141989E47700E43B8B /* MainStoryboard_iPad.storyboard */; };
		BF9B52191989E47700E43B8B /* ViewController.m in Sources */ = {isa = PBXBuildFile; fileRef = BF9B52181989E47700E43B8B /* ViewController.m */; };
		BF9B52221989E47800E43B8B /* UIKit.framework in Frameworks */ = {isa = PBXBuildFile; fileRef = BF9B51F91989E47600E43B8B /* UIKit.framework */; };
		BF9B52231989E47800E43B8B /* Foundation.framework in Frameworks */ = {isa = PBXBuildFile; fileRef = BF9B51FB1989E47600E43B8B /* Foundation.framework */; };
		BF9B522B1989E47800E43B8B /* InfoPlist.strings in Resources */ = {isa = PBXBuildFile; fileRef = BF9B52291989E47800E43B8B /* InfoPlist.strings */; };
		BF9B522E1989E47900E43B8B /* ColorGameTests.m in Sources */ = {isa = PBXBuildFile; fileRef = BF9B522D1989E47900E43B8B /* ColorGameTests.m */; };
		BF9B523A1989E4C100E43B8B /* GridView.m in Sources */ = {isa = PBXBuildFile; fileRef = BF9B52391989E4C100E43B8B /* GridView.m */; };
		BF9B523E1989E83900E43B8B /* GridTable.m in Sources */ = {isa = PBXBuildFile; fileRef = BF9B523D1989E83900E43B8B /* GridTable.m */; };
		BF9B52411989E84300E43B8B /* Grid.m in Sources */ = {isa = PBXBuildFile; fileRef = BF9B52401989E84300E43B8B /* Grid.m */; };
		BF9B5246198A53B700E43B8B /* QuartzCore.framework in Frameworks */ = {isa = PBXBuildFile; fileRef = BF9B5245198A53B700E43B8B /* QuartzCore.framework */; };
		BF9B524D198B2DBA00E43B8B /* PlayButton.m in Sources */ = {isa = PBXBuildFile; fileRef = BF9B524C198B2DBA00E43B8B /* PlayButton.m */; };
		BF9B5250198B532A00E43B8B /* RefreshButton.m in Sources */ = {isa = PBXBuildFile; fileRef = BF9B524F198B532A00E43B8B /* RefreshButton.m */; };
		BF9B5253198B58A200E43B8B /* SkipButton.m in Sources */ = {isa = PBXBuildFile; fileRef = BF9B5252198B58A200E43B8B /* SkipButton.m */; };
/* End PBXBuildFile section */

/* Begin PBXContainerItemProxy section */
		BF9B52241989E47800E43B8B /* PBXContainerItemProxy */ = {
			isa = PBXContainerItemProxy;
			containerPortal = BF9B51EE1989E47600E43B8B /* Project object */;
			proxyType = 1;
			remoteGlobalIDString = BF9B51F51989E47600E43B8B;
			remoteInfo = ColorGame;
		};
/* End PBXContainerItemProxy section */

/* Begin PBXFileReference section */
		BF9B51F61989E47600E43B8B /* ColorGame.app */ = {isa = PBXFileReference; explicitFileType = wrapper.application; includeInIndex = 0; path = ColorGame.app; sourceTree = BUILT_PRODUCTS_DIR; };
		BF9B51F91989E47600E43B8B /* UIKit.framework */ = {isa = PBXFileReference; lastKnownFileType = wrapper.framework; name = UIKit.framework; path = System/Library/Frameworks/UIKit.framework; sourceTree = SDKROOT; };
		BF9B51FB1989E47600E43B8B /* Foundation.framework */ = {isa = PBXFileReference; lastKnownFileType = wrapper.framework; name = Foundation.framework; path = System/Library/Frameworks/Foundation.framework; sourceTree = SDKROOT; };
		BF9B51FD1989E47600E43B8B /* CoreGraphics.framework */ = {isa = PBXFileReference; lastKnownFileType = wrapper.framework; name = CoreGraphics.framework; path = System/Library/Frameworks/CoreGraphics.framework; sourceTree = SDKROOT; };
		BF9B52011989E47700E43B8B /* ColorGame-Info.plist */ = {isa = PBXFileReference; lastKnownFileType = text.plist.xml; path = "ColorGame-Info.plist"; sourceTree = "<group>"; };
		BF9B52031989E47700E43B8B /* en */ = {isa = PBXFileReference; lastKnownFileType = text.plist.strings; name = en; path = en.lproj/InfoPlist.strings; sourceTree = "<group>"; };
		BF9B52051989E47700E43B8B /* main.m */ = {isa = PBXFileReference; lastKnownFileType = sourcecode.c.objc; path = main.m; sourceTree = "<group>"; };
		BF9B52071989E47700E43B8B /* ColorGame-Prefix.pch */ = {isa = PBXFileReference; lastKnownFileType = sourcecode.c.h; path = "ColorGame-Prefix.pch"; sourceTree = "<group>"; };
		BF9B52081989E47700E43B8B /* AppDelegate.h */ = {isa = PBXFileReference; lastKnownFileType = sourcecode.c.h; path = AppDelegate.h; sourceTree = "<group>"; };
		BF9B52091989E47700E43B8B /* AppDelegate.m */ = {isa = PBXFileReference; lastKnownFileType = sourcecode.c.objc; path = AppDelegate.m; sourceTree = "<group>"; };
		BF9B520B1989E47700E43B8B /* Default.png */ = {isa = PBXFileReference; lastKnownFileType = image.png; path = Default.png; sourceTree = "<group>"; };
		BF9B520D1989E47700E43B8B /* Default@2x.png */ = {isa = PBXFileReference; lastKnownFileType = image.png; path = "Default@2x.png"; sourceTree = "<group>"; };
		BF9B520F1989E47700E43B8B /* Default-568h@2x.png */ = {isa = PBXFileReference; lastKnownFileType = image.png; path = "Default-568h@2x.png"; sourceTree = "<group>"; };
		BF9B52121989E47700E43B8B /* en */ = {isa = PBXFileReference; lastKnownFileType = file.storyboard; name = en; path = en.lproj/MainStoryboard_iPhone.storyboard; sourceTree = "<group>"; };
		BF9B52151989E47700E43B8B /* en */ = {isa = PBXFileReference; lastKnownFileType = file.storyboard; name = en; path = en.lproj/MainStoryboard_iPad.storyboard; sourceTree = "<group>"; };
		BF9B52171989E47700E43B8B /* ViewController.h */ = {isa = PBXFileReference; lastKnownFileType = sourcecode.c.h; path = ViewController.h; sourceTree = "<group>"; };
		BF9B52181989E47700E43B8B /* ViewController.m */ = {isa = PBXFileReference; lastKnownFileType = sourcecode.c.objc; path = ViewController.m; sourceTree = "<group>"; };
		BF9B521F1989E47800E43B8B /* ColorGameTests.xctest */ = {isa = PBXFileReference; explicitFileType = wrapper.cfbundle; includeInIndex = 0; path = ColorGameTests.xctest; sourceTree = BUILT_PRODUCTS_DIR; };
		BF9B52281989E47800E43B8B /* ColorGameTests-Info.plist */ = {isa = PBXFileReference; lastKnownFileType = text.plist.xml; path = "ColorGameTests-Info.plist"; sourceTree = "<group>"; };
		BF9B522A1989E47800E43B8B /* en */ = {isa = PBXFileReference; lastKnownFileType = text.plist.strings; name = en; path = en.lproj/InfoPlist.strings; sourceTree = "<group>"; };
		BF9B522C1989E47900E43B8B /* ColorGameTests.h */ = {isa = PBXFileReference; lastKnownFileType = sourcecode.c.h; path = ColorGameTests.h; sourceTree = "<group>"; };
		BF9B522D1989E47900E43B8B /* ColorGameTests.m */ = {isa = PBXFileReference; lastKnownFileType = sourcecode.c.objc; path = ColorGameTests.m; sourceTree = "<group>"; };
		BF9B52381989E4C100E43B8B /* GridView.h */ = {isa = PBXFileReference; fileEncoding = 4; lastKnownFileType = sourcecode.c.h; path = GridView.h; sourceTree = "<group>"; };
		BF9B52391989E4C100E43B8B /* GridView.m */ = {isa = PBXFileReference; fileEncoding = 4; lastKnownFileType = sourcecode.c.objc; path = GridView.m; sourceTree = "<group>"; };
		BF9B523C1989E83900E43B8B /* GridTable.h */ = {isa = PBXFileReference; fileEncoding = 4; lastKnownFileType = sourcecode.c.h; path = GridTable.h; sourceTree = "<group>"; };
		BF9B523D1989E83900E43B8B /* GridTable.m */ = {isa = PBXFileReference; fileEncoding = 4; lastKnownFileType = sourcecode.c.objc; path = GridTable.m; sourceTree = "<group>"; };
		BF9B523F1989E84300E43B8B /* Grid.h */ = {isa = PBXFileReference; fileEncoding = 4; lastKnownFileType = sourcecode.c.h; path = Grid.h; sourceTree = "<group>"; };
		BF9B52401989E84300E43B8B /* Grid.m */ = {isa = PBXFileReference; fileEncoding = 4; lastKnownFileType = sourcecode.c.objc; path = Grid.m; sourceTree = "<group>"; };
		BF9B5245198A53B700E43B8B /* QuartzCore.framework */ = {isa = PBXFileReference; lastKnownFileType = wrapper.framework; name = QuartzCore.framework; path = System/Library/Frameworks/QuartzCore.framework; sourceTree = SDKROOT; };
		BF9B524B198B2DBA00E43B8B /* PlayButton.h */ = {isa = PBXFileReference; fileEncoding = 4; lastKnownFileType = sourcecode.c.h; path = PlayButton.h; sourceTree = "<group>"; };
		BF9B524C198B2DBA00E43B8B /* PlayButton.m */ = {isa = PBXFileReference; fileEncoding = 4; lastKnownFileType = sourcecode.c.objc; path = PlayButton.m; sourceTree = "<group>"; };
		BF9B524E198B532A00E43B8B /* RefreshButton.h */ = {isa = PBXFileReference; fileEncoding = 4; lastKnownFileType = sourcecode.c.h; path = RefreshButton.h; sourceTree = "<group>"; };
		BF9B524F198B532A00E43B8B /* RefreshButton.m */ = {isa = PBXFileReference; fileEncoding = 4; lastKnownFileType = sourcecode.c.objc; path = RefreshButton.m; sourceTree = "<group>"; };
		BF9B5251198B58A200E43B8B /* SkipButton.h */ = {isa = PBXFileReference; fileEncoding = 4; lastKnownFileType = sourcecode.c.h; path = SkipButton.h; sourceTree = "<group>"; };
		BF9B5252198B58A200E43B8B /* SkipButton.m */ = {isa = PBXFileReference; fileEncoding = 4; lastKnownFileType = sourcecode.c.objc; path = SkipButton.m; sourceTree = "<group>"; };
/* End PBXFileReference section */

/* Begin PBXFrameworksBuildPhase section */
		BF9B51F31989E47600E43B8B /* Frameworks */ = {
			isa = PBXFrameworksBuildPhase;
			buildActionMask = 2147483647;
			files = (
				BF9B5246198A53B700E43B8B /* QuartzCore.framework in Frameworks */,
				BF9B51FA1989E47600E43B8B /* UIKit.framework in Frameworks */,
				BF9B51FC1989E47600E43B8B /* Foundation.framework in Frameworks */,
				BF9B51FE1989E47600E43B8B /* CoreGraphics.framework in Frameworks */,
			);
			runOnlyForDeploymentPostprocessing = 0;
		};
		BF9B521B1989E47800E43B8B /* Frameworks */ = {
			isa = PBXFrameworksBuildPhase;
			buildActionMask = 2147483647;
			files = (
				BF9B52221989E47800E43B8B /* UIKit.framework in Frameworks */,
				BF9B52231989E47800E43B8B /* Foundation.framework in Frameworks */,
			);
			runOnlyForDeploymentPostprocessing = 0;
		};
/* End PBXFrameworksBuildPhase section */

/* Begin PBXGroup section */
		BF9B51ED1989E47600E43B8B = {
			isa = PBXGroup;
			children = (
				BF9B5245198A53B700E43B8B /* QuartzCore.framework */,
				BF9B51FF1989E47600E43B8B /* ColorGame */,
				BF9B52261989E47800E43B8B /* ColorGameTests */,
				BF9B51F81989E47600E43B8B /* Frameworks */,
				BF9B51F71989E47600E43B8B /* Products */,
			);
			sourceTree = "<group>";
		};
		BF9B51F71989E47600E43B8B /* Products */ = {
			isa = PBXGroup;
			children = (
				BF9B51F61989E47600E43B8B /* ColorGame.app */,
				BF9B521F1989E47800E43B8B /* ColorGameTests.xctest */,
			);
			name = Products;
			sourceTree = "<group>";
		};
		BF9B51F81989E47600E43B8B /* Frameworks */ = {
			isa = PBXGroup;
			children = (
				BF9B51F91989E47600E43B8B /* UIKit.framework */,
				BF9B51FB1989E47600E43B8B /* Foundation.framework */,
				BF9B51FD1989E47600E43B8B /* CoreGraphics.framework */,
			);
			name = Frameworks;
			sourceTree = "<group>";
		};
		BF9B51FF1989E47600E43B8B /* ColorGame */ = {
			isa = PBXGroup;
			children = (
				BF9B5247198A9AEA00E43B8B /* CustomeUIKit */,
				BF9B523B1989E81B00E43B8B /* Models */,
				BF9B52371989E4A200E43B8B /* Views */,
				BF9B52111989E47700E43B8B /* MainStoryboard_iPhone.storyboard */,
				BF9B52141989E47700E43B8B /* MainStoryboard_iPad.storyboard */,
				BF9B52171989E47700E43B8B /* ViewController.h */,
				BF9B52181989E47700E43B8B /* ViewController.m */,
				BF9B52001989E47700E43B8B /* Supporting Files */,
			);
			path = ColorGame;
			sourceTree = "<group>";
		};
		BF9B52001989E47700E43B8B /* Supporting Files */ = {
			isa = PBXGroup;
			children = (
				BF9B52081989E47700E43B8B /* AppDelegate.h */,
				BF9B52091989E47700E43B8B /* AppDelegate.m */,
				BF9B52011989E47700E43B8B /* ColorGame-Info.plist */,
				BF9B52021989E47700E43B8B /* InfoPlist.strings */,
				BF9B52051989E47700E43B8B /* main.m */,
				BF9B52071989E47700E43B8B /* ColorGame-Prefix.pch */,
				BF9B520B1989E47700E43B8B /* Default.png */,
				BF9B520D1989E47700E43B8B /* Default@2x.png */,
				BF9B520F1989E47700E43B8B /* Default-568h@2x.png */,
			);
			name = "Supporting Files";
			sourceTree = "<group>";
		};
		BF9B52261989E47800E43B8B /* ColorGameTests */ = {
			isa = PBXGroup;
			children = (
				BF9B522C1989E47900E43B8B /* ColorGameTests.h */,
				BF9B522D1989E47900E43B8B /* ColorGameTests.m */,
				BF9B52271989E47800E43B8B /* Supporting Files */,
			);
			path = ColorGameTests;
			sourceTree = "<group>";
		};
		BF9B52271989E47800E43B8B /* Supporting Files */ = {
			isa = PBXGroup;
			children = (
				BF9B52281989E47800E43B8B /* ColorGameTests-Info.plist */,
				BF9B52291989E47800E43B8B /* InfoPlist.strings */,
			);
			name = "Supporting Files";
			sourceTree = "<group>";
		};
		BF9B52371989E4A200E43B8B /* Views */ = {
			isa = PBXGroup;
			children = (
				BF9B52381989E4C100E43B8B /* GridView.h */,
				BF9B52391989E4C100E43B8B /* GridView.m */,
			);
			name = Views;
			sourceTree = "<group>";
		};
		BF9B523B1989E81B00E43B8B /* Models */ = {
			isa = PBXGroup;
			children = (
				BF9B523C1989E83900E43B8B /* GridTable.h */,
				BF9B523D1989E83900E43B8B /* GridTable.m */,
				BF9B523F1989E84300E43B8B /* Grid.h */,
				BF9B52401989E84300E43B8B /* Grid.m */,
			);
			name = Models;
			sourceTree = "<group>";
		};
		BF9B5247198A9AEA00E43B8B /* CustomeUIKit */ = {
			isa = PBXGroup;
			children = (
				BF9B524B198B2DBA00E43B8B /* PlayButton.h */,
				BF9B524C198B2DBA00E43B8B /* PlayButton.m */,
				BF9B524E198B532A00E43B8B /* RefreshButton.h */,
				BF9B524F198B532A00E43B8B /* RefreshButton.m */,
				BF9B5251198B58A200E43B8B /* SkipButton.h */,
				BF9B5252198B58A200E43B8B /* SkipButton.m */,
			);
			name = CustomeUIKit;
			sourceTree = "<group>";
		};
/* End PBXGroup section */

/* Begin PBXNativeTarget section */
		BF9B51F51989E47600E43B8B /* ColorGame */ = {
			isa = PBXNativeTarget;
			buildConfigurationList = BF9B52311989E47900E43B8B /* Build configuration list for PBXNativeTarget "ColorGame" */;
			buildPhases = (
				BF9B51F21989E47600E43B8B /* Sources */,
				BF9B51F31989E47600E43B8B /* Frameworks */,
				BF9B51F41989E47600E43B8B /* Resources */,
			);
			buildRules = (
			);
			dependencies = (
			);
			name = ColorGame;
			productName = ColorGame;
			productReference = BF9B51F61989E47600E43B8B /* ColorGame.app */;
			productType = "com.apple.product-type.application";
		};
		BF9B521E1989E47800E43B8B /* ColorGameTests */ = {
			isa = PBXNativeTarget;
			buildConfigurationList = BF9B52341989E47900E43B8B /* Build configuration list for PBXNativeTarget "ColorGameTests" */;
			buildPhases = (
				BF9B521A1989E47800E43B8B /* Sources */,
				BF9B521B1989E47800E43B8B /* Frameworks */,
				BF9B521C1989E47800E43B8B /* Resources */,
				BF9B521D1989E47800E43B8B /* ShellScript */,
			);
			buildRules = (
			);
			dependencies = (
				BF9B52251989E47800E43B8B /* PBXTargetDependency */,
			);
			name = ColorGameTests;
			productName = ColorGameTests;
			productReference = BF9B521F1989E47800E43B8B /* ColorGameTests.xctest */;
			productType = "com.apple.product-type.bundle.unit-test";
		};
/* End PBXNativeTarget section */

/* Begin PBXProject section */
		BF9B51EE1989E47600E43B8B /* Project object */ = {
			isa = PBXProject;
			attributes = {
				LastTestingUpgradeCheck = 0510;
				LastUpgradeCheck = 0460;
				ORGANIZATIONNAME = louis;
				TargetAttributes = {
					BF9B51F51989E47600E43B8B = {
						DevelopmentTeam = HLE64JEVJ5;
					};
				};
			};
			buildConfigurationList = BF9B51F11989E47600E43B8B /* Build configuration list for PBXProject "ColorGame" */;
			compatibilityVersion = "Xcode 3.2";
			developmentRegion = English;
			hasScannedForEncodings = 0;
			knownRegions = (
				en,
			);
			mainGroup = BF9B51ED1989E47600E43B8B;
			productRefGroup = BF9B51F71989E47600E43B8B /* Products */;
			projectDirPath = "";
			projectRoot = "";
			targets = (
				BF9B51F51989E47600E43B8B /* ColorGame */,
				BF9B521E1989E47800E43B8B /* ColorGameTests */,
			);
		};
/* End PBXProject section */

/* Begin PBXResourcesBuildPhase section */
		BF9B51F41989E47600E43B8B /* Resources */ = {
			isa = PBXResourcesBuildPhase;
			buildActionMask = 2147483647;
			files = (
				BF9B52041989E47700E43B8B /* InfoPlist.strings in Resources */,
				BF9B520C1989E47700E43B8B /* Default.png in Resources */,
				BF9B520E1989E47700E43B8B /* Default@2x.png in Resources */,
				BF9B52101989E47700E43B8B /* Default-568h@2x.png in Resources */,
				BF9B52131989E47700E43B8B /* MainStoryboard_iPhone.storyboard in Resources */,
				BF9B52161989E47700E43B8B /* MainStoryboard_iPad.storyboard in Resources */,
			);
			runOnlyForDeploymentPostprocessing = 0;
		};
		BF9B521C1989E47800E43B8B /* Resources */ = {
			isa = PBXResourcesBuildPhase;
			buildActionMask = 2147483647;
			files = (
				BF9B522B1989E47800E43B8B /* InfoPlist.strings in Resources */,
			);
			runOnlyForDeploymentPostprocessing = 0;
		};
/* End PBXResourcesBuildPhase section */

/* Begin PBXShellScriptBuildPhase section */
		BF9B521D1989E47800E43B8B /* ShellScript */ = {
			isa = PBXShellScriptBuildPhase;
			buildActionMask = 2147483647;
			files = (
			);
			inputPaths = (
			);
			outputPaths = (
			);
			runOnlyForDeploymentPostprocessing = 0;
			shellPath = /bin/sh;
			shellScript = "# Run the unit tests in this test bundle.\n\"${SYSTEM_DEVELOPER_DIR}/Tools/RunUnitTests\"\n";
		};
/* End PBXShellScriptBuildPhase section */

/* Begin PBXSourcesBuildPhase section */
		BF9B51F21989E47600E43B8B /* Sources */ = {
			isa = PBXSourcesBuildPhase;
			buildActionMask = 2147483647;
			files = (
				BF9B52061989E47700E43B8B /* main.m in Sources */,
				BF9B520A1989E47700E43B8B /* AppDelegate.m in Sources */,
				BF9B52191989E47700E43B8B /* ViewController.m in Sources */,
				BF9B523A1989E4C100E43B8B /* GridView.m in Sources */,
				BF9B523E1989E83900E43B8B /* GridTable.m in Sources */,
				BF9B52411989E84300E43B8B /* Grid.m in Sources */,
				BF9B524D198B2DBA00E43B8B /* PlayButton.m in Sources */,
				BF9B5250198B532A00E43B8B /* RefreshButton.m in Sources */,
				BF9B5253198B58A200E43B8B /* SkipButton.m in Sources */,
			);
			runOnlyForDeploymentPostprocessing = 0;
		};
		BF9B521A1989E47800E43B8B /* Sources */ = {
			isa = PBXSourcesBuildPhase;
			buildActionMask = 2147483647;
			files = (
				BF9B522E1989E47900E43B8B /* ColorGameTests.m in Sources */,
			);
			runOnlyForDeploymentPostprocessing = 0;
		};
/* End PBXSourcesBuildPhase section */

/* Begin PBXTargetDependency section */
		BF9B52251989E47800E43B8B /* PBXTargetDependency */ = {
			isa = PBXTargetDependency;
			target = BF9B51F51989E47600E43B8B /* ColorGame */;
			targetProxy = BF9B52241989E47800E43B8B /* PBXContainerItemProxy */;
		};
/* End PBXTargetDependency section */

/* Begin PBXVariantGroup section */
		BF9B52021989E47700E43B8B /* InfoPlist.strings */ = {
			isa = PBXVariantGroup;
			children = (
				BF9B52031989E47700E43B8B /* en */,
			);
			name = InfoPlist.strings;
			sourceTree = "<group>";
		};
		BF9B52111989E47700E43B8B /* MainStoryboard_iPhone.storyboard */ = {
			isa = PBXVariantGroup;
			children = (
				BF9B52121989E47700E43B8B /* en */,
			);
			name = MainStoryboard_iPhone.storyboard;
			sourceTree = "<group>";
		};
		BF9B52141989E47700E43B8B /* MainStoryboard_iPad.storyboard */ = {
			isa = PBXVariantGroup;
			children = (
				BF9B52151989E47700E43B8B /* en */,
			);
			name = MainStoryboard_iPad.storyboard;
			sourceTree = "<group>";
		};
		BF9B52291989E47800E43B8B /* InfoPlist.strings */ = {
			isa = PBXVariantGroup;
			children = (
				BF9B522A1989E47800E43B8B /* en */,
			);
			name = InfoPlist.strings;
			sourceTree = "<group>";
		};
/* End PBXVariantGroup section */

/* Begin XCBuildConfiguration section */
		BF9B522F1989E47900E43B8B /* Debug */ = {
			isa = XCBuildConfiguration;
			buildSettings = {
				ALWAYS_SEARCH_USER_PATHS = NO;
				CLANG_CXX_LANGUAGE_STANDARD = "gnu++0x";
				CLANG_CXX_LIBRARY = "libc++";
				CLANG_ENABLE_OBJC_ARC = YES;
				CLANG_WARN_CONSTANT_CONVERSION = YES;
				CLANG_WARN_EMPTY_BODY = YES;
				CLANG_WARN_ENUM_CONVERSION = YES;
				CLANG_WARN_INT_CONVERSION = YES;
				CLANG_WARN__DUPLICATE_METHOD_MATCH = YES;
				"CODE_SIGN_IDENTITY[sdk=iphoneos*]" = "iPhone Developer";
				COPY_PHASE_STRIP = NO;
				GCC_C_LANGUAGE_STANDARD = gnu99;
				GCC_DYNAMIC_NO_PIC = NO;
				GCC_OPTIMIZATION_LEVEL = 0;
				GCC_PREPROCESSOR_DEFINITIONS = (
					"DEBUG=1",
					"$(inherited)",
				);
				GCC_SYMBOLS_PRIVATE_EXTERN = NO;
				GCC_WARN_ABOUT_RETURN_TYPE = YES;
				GCC_WARN_UNINITIALIZED_AUTOS = YES;
				GCC_WARN_UNUSED_VARIABLE = YES;
				IPHONEOS_DEPLOYMENT_TARGET = 6.1;
				ONLY_ACTIVE_ARCH = YES;
				SDKROOT = iphoneos;
				TARGETED_DEVICE_FAMILY = "1,2";
			};
			name = Debug;
		};
		BF9B52301989E47900E43B8B /* Release */ = {
			isa = XCBuildConfiguration;
			buildSettings = {
				ALWAYS_SEARCH_USER_PATHS = NO;
				CLANG_CXX_LANGUAGE_STANDARD = "gnu++0x";
				CLANG_CXX_LIBRARY = "libc++";
				CLANG_ENABLE_OBJC_ARC = YES;
				CLANG_WARN_CONSTANT_CONVERSION = YES;
				CLANG_WARN_EMPTY_BODY = YES;
				CLANG_WARN_ENUM_CONVERSION = YES;
				CLANG_WARN_INT_CONVERSION = YES;
				CLANG_WARN__DUPLICATE_METHOD_MATCH = YES;
				"CODE_SIGN_IDENTITY[sdk=iphoneos*]" = "iPhone Developer";
				COPY_PHASE_STRIP = YES;
				GCC_C_LANGUAGE_STANDARD = gnu99;
				GCC_WARN_ABOUT_RETURN_TYPE = YES;
				GCC_WARN_UNINITIALIZED_AUTOS = YES;
				GCC_WARN_UNUSED_VARIABLE = YES;
				IPHONEOS_DEPLOYMENT_TARGET = 6.1;
				OTHER_CFLAGS = "-DNS_BLOCK_ASSERTIONS=1";
				SDKROOT = iphoneos;
				TARGETED_DEVICE_FAMILY = "1,2";
				VALIDATE_PRODUCT = YES;
			};
			name = Release;
		};
		BF9B52321989E47900E43B8B /* Debug */ = {
			isa = XCBuildConfiguration;
			buildSettings = {
				CODE_SIGN_IDENTITY = "iPhone Developer";
				"CODE_SIGN_IDENTITY[sdk=iphoneos*]" = "iPhone Developer";
				GCC_PRECOMPILE_PREFIX_HEADER = YES;
				GCC_PREFIX_HEADER = "ColorGame/ColorGame-Prefix.pch";
				INFOPLIST_FILE = "ColorGame/ColorGame-Info.plist";
				PRODUCT_NAME = "$(TARGET_NAME)";
				PROVISIONING_PROFILE = "";
				WRAPPER_EXTENSION = app;
			};
			name = Debug;
		};
		BF9B52331989E47900E43B8B /* Release */ = {
			isa = XCBuildConfiguration;
			buildSettings = {
				CODE_SIGN_IDENTITY = "iPhone Developer";
				"CODE_SIGN_IDENTITY[sdk=iphoneos*]" = "iPhone Developer";
				GCC_PRECOMPILE_PREFIX_HEADER = YES;
				GCC_PREFIX_HEADER = "ColorGame/ColorGame-Prefix.pch";
				INFOPLIST_FILE = "ColorGame/ColorGame-Info.plist";
				PRODUCT_NAME = "$(TARGET_NAME)";
				PROVISIONING_PROFILE = "";
				WRAPPER_EXTENSION = app;
			};
			name = Release;
		};
		BF9B52351989E47900E43B8B /* Debug */ = {
			isa = XCBuildConfiguration;
			buildSettings = {
				BUNDLE_LOADER = "$(BUILT_PRODUCTS_DIR)/ColorGame.app/ColorGame";
				FRAMEWORK_SEARCH_PATHS = (
					"\\\"$(SDKROOT)/Developer/Library/Frameworks\\\"",
					"\\\"$(DEVELOPER_LIBRARY_DIR)/Frameworks\\\"",
					"$(inherited)",
				);
				GCC_PRECOMPILE_PREFIX_HEADER = YES;
				GCC_PREFIX_HEADER = "ColorGame/ColorGame-Prefix.pch";
				INFOPLIST_FILE = "ColorGameTests/ColorGameTests-Info.plist";
				PRODUCT_NAME = "$(TARGET_NAME)";
				TEST_HOST = "$(BUNDLE_LOADER)";
			};
			name = Debug;
		};
		BF9B52361989E47900E43B8B /* Release */ = {
			isa = XCBuildConfiguration;
			buildSettings = {
				BUNDLE_LOADER = "$(BUILT_PRODUCTS_DIR)/ColorGame.app/ColorGame";
				FRAMEWORK_SEARCH_PATHS = (
					"\\\"$(SDKROOT)/Developer/Library/Frameworks\\\"",
					"\\\"$(DEVELOPER_LIBRARY_DIR)/Frameworks\\\"",
					"$(inherited)",
				);
				GCC_PRECOMPILE_PREFIX_HEADER = YES;
				GCC_PREFIX_HEADER = "ColorGame/ColorGame-Prefix.pch";
				INFOPLIST_FILE = "ColorGameTests/ColorGameTests-Info.plist";
				PRODUCT_NAME = "$(TARGET_NAME)";
				TEST_HOST = "$(BUNDLE_LOADER)";
			};
			name = Release;
		};
/* End XCBuildConfiguration section */

/* Begin XCConfigurationList section */
		BF9B51F11989E47600E43B8B /* Build configuration list for PBXProject "ColorGame" */ = {
			isa = XCConfigurationList;
			buildConfigurations = (
				BF9B522F1989E47900E43B8B /* Debug */,
				BF9B52301989E47900E43B8B /* Release */,
			);
			defaultConfigurationIsVisible = 0;
			defaultConfigurationName = Release;
		};
		BF9B52311989E47900E43B8B /* Build configuration list for PBXNativeTarget "ColorGame" */ = {
			isa = XCConfigurationList;
			buildConfigurations = (
				BF9B52321989E47900E43B8B /* Debug */,
				BF9B52331989E47900E43B8B /* Release */,
			);
			defaultConfigurationIsVisible = 0;
			defaultConfigurationName = Release;
		};
		BF9B52341989E47900E43B8B /* Build configuration list for PBXNativeTarget "ColorGameTests" */ = {
			isa = XCConfigurationList;
			buildConfigurations = (
				BF9B52351989E47900E43B8B /* Debug */,
				BF9B52361989E47900E43B8B /* Release */,
			);
			defaultConfigurationIsVisible = 0;
			defaultConfigurationName = Release;
		};
/* End XCConfigurationList section */
	};
	rootObject = BF9B51EE1989E47600E43B8B /* Project object */;
}
